
Microsoft Visual Studio Solution File, Format Version 12.00
# Visual Studio Version 17
VisualStudioVersion = 17.0.32002.185
MinimumVisualStudioVersion = 10.0.40219.1
Project("{FAE04EC0-301F-11D3-BF4B-00C04F79EFBC}") = "SerializeNumberToStringIssue", "SerializeNumberToStringIssue\SerializeNumberToStringIssue.csproj", "{B99C6028-157E-4BAD-84E2-5C230A268CAE}"
EndProject
Global
	GlobalSection(SolutionConfigurationPlatforms) = preSolution
		Debug|Any CPU = Debug|Any CPU
		Release|Any CPU = Release|Any CPU
	EndGlobalSection
	GlobalSection(ProjectConfigurationPlatforms) = postSolution
		{B99C6028-157E-4BAD-84E2-5C230A268CAE}.Debug|Any CPU.ActiveCfg = Debug|Any CPU
		{B99C6028-157E-4BAD-84E2-5C230A268CAE}.Debug|Any CPU.Build.0 = Debug|Any CPU
		{B99C6028-157E-4BAD-84E2-5C230A268CAE}.Release|Any CPU.ActiveCfg = Release|Any CPU
		{B99C6028-157E-4BAD-84E2-5C230A268CAE}.Release|Any CPU.Build.0 = Release|Any CPU
	EndGlobalSection
	GlobalSection(SolutionProperties) = preSolution
		HideSolutionNode = FALSE
	EndGlobalSection
	GlobalSection(ExtensibilityGlobals) = postSolution
		SolutionGuid = {30A0E210-BF9F-409A-A25C-25065F359956}
	EndGlobalSection
EndGlobal
